{
  "name": "fllscoreclient-example",
  "version": "1.0.0",
  "lockfileVersion": 1,
  "requires": true,
  "dependencies": {
    "fllscoreclient": {
      "version": "0.9.0",
      "resolved": "https://registry.npmjs.org/fllscoreclient/-/fllscoreclient-0.9.0.tgz",
      "integrity": "sha512-NuQceY6w86/47vLeR+itXIHSNc9l5AheesOzzqBBNGGS/aZYm6cyVFsz78oY1+d8k4gG7pQcp0/XUIlYu1Vzfg=="
    }
  }
}
